
Microsoft Visual Studio Solution File, Format Version 12.00
# Visual Studio Version 16
VisualStudioVersion = 16.0.29123.89
MinimumVisualStudioVersion = 10.0.40219.1
Project("{FAE04EC0-301F-11D3-BF4B-00C04F79EFBC}") = "MyVet.Web", "MyVet.Web\MyVet.Web.csproj", "{5903E8ED-3BDA-47CC-9755-796BFFFDA826}"
EndProject
Project("{FAE04EC0-301F-11D3-BF4B-00C04F79EFBC}") = "MyVet.Common", "MyVet.Common\MyVet.Common.csproj", "{497A55BB-9CF4-4180-B63F-604F7F588396}"
EndProject
Global
	GlobalSection(SolutionConfigurationPlatforms) = preSolution
		Debug|Any CPU = Debug|Any CPU
		Release|Any CPU = Release|Any CPU
	EndGlobalSection
	GlobalSection(ProjectConfigurationPlatforms) = postSolution
		{5903E8ED-3BDA-47CC-9755-796BFFFDA826}.Debug|Any CPU.ActiveCfg = Debug|Any CPU
		{5903E8ED-3BDA-47CC-9755-796BFFFDA826}.Debug|Any CPU.Build.0 = Debug|Any CPU
		{5903E8ED-3BDA-47CC-9755-796BFFFDA826}.Release|Any CPU.ActiveCfg = Release|Any CPU
		{5903E8ED-3BDA-47CC-9755-796BFFFDA826}.Release|Any CPU.Build.0 = Release|Any CPU
		{497A55BB-9CF4-4180-B63F-604F7F588396}.Debug|Any CPU.ActiveCfg = Debug|Any CPU
		{497A55BB-9CF4-4180-B63F-604F7F588396}.Debug|Any CPU.Build.0 = Debug|Any CPU
		{497A55BB-9CF4-4180-B63F-604F7F588396}.Release|Any CPU.ActiveCfg = Release|Any CPU
		{497A55BB-9CF4-4180-B63F-604F7F588396}.Release|Any CPU.Build.0 = Release|Any CPU
	EndGlobalSection
	GlobalSection(SolutionProperties) = preSolution
		HideSolutionNode = FALSE
	EndGlobalSection
	GlobalSection(ExtensibilityGlobals) = postSolution
		SolutionGuid = {D8C4DE9C-71B5-405B-AEE0-780217BD1E81}
	EndGlobalSection
EndGlobal
